
Microsoft Visual Studio Solution File, Format Version 12.00
# Visual Studio Version 16
VisualStudioVersion = 16.0.30803.129
MinimumVisualStudioVersion = 10.0.40219.1
Project("{FAE04EC0-301F-11D3-BF4B-00C04F79EFBC}") = "WetPicsRebirth", "WetPicsRebirth\WetPicsRebirth.csproj", "{E76375BD-5D16-494E-9A54-D6E2FFEF8D43}"
EndProject
Project("{FAE04EC0-301F-11D3-BF4B-00C04F79EFBC}") = "WetPicsRebirth.Tests", "WetPicsRebirth.Tests\WetPicsRebirth.Tests.csproj", "{1309FB55-2B54-434F-AFB6-23E7DECE5EAF}"
EndProject
Project("{FAE04EC0-301F-11D3-BF4B-00C04F79EFBC}") = "WetPicsRebirth.Infrastructure.ImageProcessing", "WetPicsRebirth.Infrastructure.ImageProcessing\WetPicsRebirth.Infrastructure.ImageProcessing.csproj", "{FB76AE84-C777-4A79-A74A-CE71CF8F9F5A}"
EndProject
Project("{2150E333-8FDC-42A3-9474-1A3956D46DE8}") = ".github", ".github", "{2166D0B5-BFBC-46D4-9B13-65E8BCE165DD}"
EndProject
Project("{2150E333-8FDC-42A3-9474-1A3956D46DE8}") = "workflows", "workflows", "{34586BE1-0596-4BB9-80DF-ABE812A2CEC5}"
	ProjectSection(SolutionItems) = preProject
		..\.github\workflows\main.yml = ..\.github\workflows\main.yml
	EndProjectSection
EndProject
Global
	GlobalSection(SolutionConfigurationPlatforms) = preSolution
		Debug|Any CPU = Debug|Any CPU
		Release|Any CPU = Release|Any CPU
	EndGlobalSection
	GlobalSection(ProjectConfigurationPlatforms) = postSolution
		{E76375BD-5D16-494E-9A54-D6E2FFEF8D43}.Debug|Any CPU.ActiveCfg = Debug|Any CPU
		{E76375BD-5D16-494E-9A54-D6E2FFEF8D43}.Debug|Any CPU.Build.0 = Debug|Any CPU
		{E76375BD-5D16-494E-9A54-D6E2FFEF8D43}.Release|Any CPU.ActiveCfg = Release|Any CPU
		{E76375BD-5D16-494E-9A54-D6E2FFEF8D43}.Release|Any CPU.Build.0 = Release|Any CPU
		{1309FB55-2B54-434F-AFB6-23E7DECE5EAF}.Debug|Any CPU.ActiveCfg = Debug|Any CPU
		{1309FB55-2B54-434F-AFB6-23E7DECE5EAF}.Debug|Any CPU.Build.0 = Debug|Any CPU
		{1309FB55-2B54-434F-AFB6-23E7DECE5EAF}.Release|Any CPU.ActiveCfg = Release|Any CPU
		{1309FB55-2B54-434F-AFB6-23E7DECE5EAF}.Release|Any CPU.Build.0 = Release|Any CPU
		{FB76AE84-C777-4A79-A74A-CE71CF8F9F5A}.Debug|Any CPU.ActiveCfg = Debug|Any CPU
		{FB76AE84-C777-4A79-A74A-CE71CF8F9F5A}.Debug|Any CPU.Build.0 = Debug|Any CPU
		{FB76AE84-C777-4A79-A74A-CE71CF8F9F5A}.Release|Any CPU.ActiveCfg = Release|Any CPU
		{FB76AE84-C777-4A79-A74A-CE71CF8F9F5A}.Release|Any CPU.Build.0 = Release|Any CPU
	EndGlobalSection
	GlobalSection(SolutionProperties) = preSolution
		HideSolutionNode = FALSE
	EndGlobalSection
	GlobalSection(ExtensibilityGlobals) = postSolution
		SolutionGuid = {9D6CC45E-DD35-45C2-B43F-B44D8A5E7370}
	EndGlobalSection
	GlobalSection(NestedProjects) = preSolution
		{34586BE1-0596-4BB9-80DF-ABE812A2CEC5} = {2166D0B5-BFBC-46D4-9B13-65E8BCE165DD}
	EndGlobalSection
EndGlobal
